
Microsoft Visual Studio Solution File, Format Version 12.00
# Visual Studio Version 16
VisualStudioVersion = 16.0.30204.135
MinimumVisualStudioVersion = 10.0.40219.1
Project("{FAE04EC0-301F-11D3-BF4B-00C04F79EFBC}") = "Ekom.NetPayment", "Ekom.NetPayment\Ekom.NetPayment.csproj", "{4D7B353E-DD49-47C7-82FD-0EB325E67FA8}"
EndProject
Project("{FAE04EC0-301F-11D3-BF4B-00C04F79EFBC}") = "Ekom.NetPayment.Tests", "Ekom.NetPayment.Tests\Ekom.NetPayment.Tests.csproj", "{B3C16117-FBF6-425E-A883-7FCB281051EE}"
EndProject
Global
	GlobalSection(SolutionConfigurationPlatforms) = preSolution
		Debug|Any CPU = Debug|Any CPU
		Release|Any CPU = Release|Any CPU
	EndGlobalSection
	GlobalSection(ProjectConfigurationPlatforms) = postSolution
		{4D7B353E-DD49-47C7-82FD-0EB325E67FA8}.Debug|Any CPU.ActiveCfg = Debug|Any CPU
		{4D7B353E-DD49-47C7-82FD-0EB325E67FA8}.Debug|Any CPU.Build.0 = Debug|Any CPU
		{4D7B353E-DD49-47C7-82FD-0EB325E67FA8}.Release|Any CPU.ActiveCfg = Release|Any CPU
		{4D7B353E-DD49-47C7-82FD-0EB325E67FA8}.Release|Any CPU.Build.0 = Release|Any CPU
		{B3C16117-FBF6-425E-A883-7FCB281051EE}.Debug|Any CPU.ActiveCfg = Debug|Any CPU
		{B3C16117-FBF6-425E-A883-7FCB281051EE}.Debug|Any CPU.Build.0 = Debug|Any CPU
		{B3C16117-FBF6-425E-A883-7FCB281051EE}.Release|Any CPU.ActiveCfg = Release|Any CPU
		{B3C16117-FBF6-425E-A883-7FCB281051EE}.Release|Any CPU.Build.0 = Release|Any CPU
	EndGlobalSection
	GlobalSection(SolutionProperties) = preSolution
		HideSolutionNode = FALSE
	EndGlobalSection
	GlobalSection(ExtensibilityGlobals) = postSolution
		SolutionGuid = {1964CFB2-6BD6-4E3C-8E77-92918FB3C6E3}
	EndGlobalSection
EndGlobal
